
Microsoft Visual Studio Solution File, Format Version 12.00
# Visual Studio Version 16
VisualStudioVersion = 16.0.31702.278
MinimumVisualStudioVersion = 10.0.40219.1
Project("{9A19103F-16F7-4668-BE54-9A1E7A4F7556}") = "Test_2", "Test_2\Test_2.csproj", "{2AA5DD10-3E00-4584-BF95-BE5BECBB35FC}"
EndProject
Project("{FAE04EC0-301F-11D3-BF4B-00C04F79EFBC}") = "TestProject1", "TestProject1\TestProject1.csproj", "{68F74717-7293-4D28-8982-AAFE89BF4202}"
EndProject
Global
	GlobalSection(SolutionConfigurationPlatforms) = preSolution
		Debug|Any CPU = Debug|Any CPU
		Release|Any CPU = Release|Any CPU
	EndGlobalSection
	GlobalSection(ProjectConfigurationPlatforms) = postSolution
		{2AA5DD10-3E00-4584-BF95-BE5BECBB35FC}.Debug|Any CPU.ActiveCfg = Debug|Any CPU
		{2AA5DD10-3E00-4584-BF95-BE5BECBB35FC}.Debug|Any CPU.Build.0 = Debug|Any CPU
		{2AA5DD10-3E00-4584-BF95-BE5BECBB35FC}.Release|Any CPU.ActiveCfg = Release|Any CPU
		{2AA5DD10-3E00-4584-BF95-BE5BECBB35FC}.Release|Any CPU.Build.0 = Release|Any CPU
		{68F74717-7293-4D28-8982-AAFE89BF4202}.Debug|Any CPU.ActiveCfg = Debug|Any CPU
		{68F74717-7293-4D28-8982-AAFE89BF4202}.Debug|Any CPU.Build.0 = Debug|Any CPU
		{68F74717-7293-4D28-8982-AAFE89BF4202}.Release|Any CPU.ActiveCfg = Release|Any CPU
		{68F74717-7293-4D28-8982-AAFE89BF4202}.Release|Any CPU.Build.0 = Release|Any CPU
	EndGlobalSection
	GlobalSection(SolutionProperties) = preSolution
		HideSolutionNode = FALSE
	EndGlobalSection
	GlobalSection(ExtensibilityGlobals) = postSolution
		SolutionGuid = {37863037-C039-44A7-8239-C2B83728C54D}
	EndGlobalSection
EndGlobal
